// !$*UTF8*$!
{
	archiveVersion = 1;
	classes = {
	};
	objectVersion = 56;
	objects = {

/* Begin PBXBuildFile section */
		0008B3F72B4FFA320099D13F /* GBDUserInfoHeaderVC.swift in Sources */ = {isa = PBXBuildFile; fileRef = 0008B3F62B4FFA320099D13F /* GBDUserInfoHeaderVC.swift */; };
		0008B3FB2B4FFBA20099D13F /* GBDSecondaryTitleLabel.swift in Sources */ = {isa = PBXBuildFile; fileRef = 0008B3FA2B4FFBA20099D13F /* GBDSecondaryTitleLabel.swift */; };
		0008B3FD2B500EBD0099D13F /* SFSymbols.swift in Sources */ = {isa = PBXBuildFile; fileRef = 0008B3FC2B500EBD0099D13F /* SFSymbols.swift */; };
		0008B3FF2B50BBDB0099D13F /* GBDItemInfoView.swift in Sources */ = {isa = PBXBuildFile; fileRef = 0008B3FE2B50BBDB0099D13F /* GBDItemInfoView.swift */; };
		0008B4012B50C6220099D13F /* GBDItemInfoVC.swift in Sources */ = {isa = PBXBuildFile; fileRef = 0008B4002B50C6220099D13F /* GBDItemInfoVC.swift */; };
		0008B4052B50D1980099D13F /* GBDRepoItemVC.swift in Sources */ = {isa = PBXBuildFile; fileRef = 0008B4042B50D1980099D13F /* GBDRepoItemVC.swift */; };
		0008B4072B5151130099D13F /* GBDFollowerItemVC.swift in Sources */ = {isa = PBXBuildFile; fileRef = 0008B4062B5151130099D13F /* GBDFollowerItemVC.swift */; };
		0008B40A2B5157F00099D13F /* Date+Ext.swift in Sources */ = {isa = PBXBuildFile; fileRef = 0008B4092B5157F00099D13F /* Date+Ext.swift */; };
		0008B40C2B5158220099D13F /* String+Ext.swift in Sources */ = {isa = PBXBuildFile; fileRef = 0008B40B2B5158220099D13F /* String+Ext.swift */; };
		000EEF282B4FEACE00AA4522 /* UserInfoVC.swift in Sources */ = {isa = PBXBuildFile; fileRef = 000EEF272B4FEACE00AA4522 /* UserInfoVC.swift */; };
		002816AD2B4DF7BD00ED135F /* UIHelper.swift in Sources */ = {isa = PBXBuildFile; fileRef = 002816AC2B4DF7BD00ED135F /* UIHelper.swift */; };
		005CC2CE2B4C55240080D40F /* UserModel.swift in Sources */ = {isa = PBXBuildFile; fileRef = 005CC2CD2B4C55240080D40F /* UserModel.swift */; };
		00734B6F2B49801500A51CE5 /* AppDelegate.swift in Sources */ = {isa = PBXBuildFile; fileRef = 00734B6E2B49801500A51CE5 /* AppDelegate.swift */; };
		00734B712B49801500A51CE5 /* SceneDelegate.swift in Sources */ = {isa = PBXBuildFile; fileRef = 00734B702B49801500A51CE5 /* SceneDelegate.swift */; };
		00734B782B49801800A51CE5 /* Assets.xcassets in Resources */ = {isa = PBXBuildFile; fileRef = 00734B772B49801800A51CE5 /* Assets.xcassets */; };
		00734B7B2B49801800A51CE5 /* LaunchScreen.storyboard in Resources */ = {isa = PBXBuildFile; fileRef = 00734B792B49801800A51CE5 /* LaunchScreen.storyboard */; };
		00734B832B49888F00A51CE5 /* SearchVC.swift in Sources */ = {isa = PBXBuildFile; fileRef = 00734B822B49888F00A51CE5 /* SearchVC.swift */; };
		00734B852B4988BD00A51CE5 /* FavouritesListVC.swift in Sources */ = {isa = PBXBuildFile; fileRef = 00734B842B4988BD00A51CE5 /* FavouritesListVC.swift */; };
		00734B892B49915E00A51CE5 /* GBDButton.swift in Sources */ = {isa = PBXBuildFile; fileRef = 00734B882B49915E00A51CE5 /* GBDButton.swift */; };
		00734B8B2B4994CA00A51CE5 /* GBDTextField.swift in Sources */ = {isa = PBXBuildFile; fileRef = 00734B8A2B4994CA00A51CE5 /* GBDTextField.swift */; };
		0073CDA42B4EA30C0042B519 /* GBDEmptyStateView.swift in Sources */ = {isa = PBXBuildFile; fileRef = 0073CDA32B4EA30C0042B519 /* GBDEmptyStateView.swift */; };
		007D3A8F2B4C61EE008E5FB6 /* NetworkManager.swift in Sources */ = {isa = PBXBuildFile; fileRef = 007D3A8E2B4C61EE008E5FB6 /* NetworkManager.swift */; };
		0090C8F12B4DB231001786A3 /* GBDError.swift in Sources */ = {isa = PBXBuildFile; fileRef = 0090C8F02B4DB231001786A3 /* GBDError.swift */; };
		0090C8F42B4DBB25001786A3 /* FollowerCell.swift in Sources */ = {isa = PBXBuildFile; fileRef = 0090C8F32B4DBB25001786A3 /* FollowerCell.swift */; };
		0090C8F62B4DBBE2001786A3 /* GBDAvatarImageView.swift in Sources */ = {isa = PBXBuildFile; fileRef = 0090C8F52B4DBBE2001786A3 /* GBDAvatarImageView.swift */; };
		009857072B4B05AB00042007 /* FollowerListVC.swift in Sources */ = {isa = PBXBuildFile; fileRef = 009857062B4B05AB00042007 /* FollowerListVC.swift */; };
		009857092B4B0C5A00042007 /* GBDTitleLabel.swift in Sources */ = {isa = PBXBuildFile; fileRef = 009857082B4B0C5A00042007 /* GBDTitleLabel.swift */; };
		0098570B2B4B0E1C00042007 /* GBDBodyLabel.swift in Sources */ = {isa = PBXBuildFile; fileRef = 0098570A2B4B0E1C00042007 /* GBDBodyLabel.swift */; };
		0098570D2B4B0F0300042007 /* GBDAlertVC.swift in Sources */ = {isa = PBXBuildFile; fileRef = 0098570C2B4B0F0300042007 /* GBDAlertVC.swift */; };
		0098570F2B4C468700042007 /* UIViewController+Ext.swift in Sources */ = {isa = PBXBuildFile; fileRef = 0098570E2B4C468700042007 /* UIViewController+Ext.swift */; };
		009857152B4C52B200042007 /* FollowerModel.swift in Sources */ = {isa = PBXBuildFile; fileRef = 009857142B4C52B200042007 /* FollowerModel.swift */; };
/* End PBXBuildFile section */

/* Begin PBXFileReference section */
		0008B3F62B4FFA320099D13F /* GBDUserInfoHeaderVC.swift */ = {isa = PBXFileReference; lastKnownFileType = sourcecode.swift; path = GBDUserInfoHeaderVC.swift; sourceTree = "<group>"; };
		0008B3FA2B4FFBA20099D13F /* GBDSecondaryTitleLabel.swift */ = {isa = PBXFileReference; lastKnownFileType = sourcecode.swift; path = GBDSecondaryTitleLabel.swift; sourceTree = "<group>"; };
		0008B3FC2B500EBD0099D13F /* SFSymbols.swift */ = {isa = PBXFileReference; lastKnownFileType = sourcecode.swift; path = SFSymbols.swift; sourceTree = "<group>"; };
		0008B3FE2B50BBDB0099D13F /* GBDItemInfoView.swift */ = {isa = PBXFileReference; lastKnownFileType = sourcecode.swift; path = GBDItemInfoView.swift; sourceTree = "<group>"; };
		0008B4002B50C6220099D13F /* GBDItemInfoVC.swift */ = {isa = PBXFileReference; lastKnownFileType = sourcecode.swift; path = GBDItemInfoVC.swift; sourceTree = "<group>"; };
		0008B4042B50D1980099D13F /* GBDRepoItemVC.swift */ = {isa = PBXFileReference; lastKnownFileType = sourcecode.swift; path = GBDRepoItemVC.swift; sourceTree = "<group>"; };
		0008B4062B5151130099D13F /* GBDFollowerItemVC.swift */ = {isa = PBXFileReference; lastKnownFileType = sourcecode.swift; path = GBDFollowerItemVC.swift; sourceTree = "<group>"; };
		0008B4092B5157F00099D13F /* Date+Ext.swift */ = {isa = PBXFileReference; lastKnownFileType = sourcecode.swift; path = "Date+Ext.swift"; sourceTree = "<group>"; };
		0008B40B2B5158220099D13F /* String+Ext.swift */ = {isa = PBXFileReference; lastKnownFileType = sourcecode.swift; path = "String+Ext.swift"; sourceTree = "<group>"; };
		000EEF272B4FEACE00AA4522 /* UserInfoVC.swift */ = {isa = PBXFileReference; lastKnownFileType = sourcecode.swift; path = UserInfoVC.swift; sourceTree = "<group>"; };
		002816AC2B4DF7BD00ED135F /* UIHelper.swift */ = {isa = PBXFileReference; lastKnownFileType = sourcecode.swift; path = UIHelper.swift; sourceTree = "<group>"; };
		005CC2CD2B4C55240080D40F /* UserModel.swift */ = {isa = PBXFileReference; lastKnownFileType = sourcecode.swift; path = UserModel.swift; sourceTree = "<group>"; };
		00734B6B2B49801500A51CE5 /* Githubbed.app */ = {isa = PBXFileReference; explicitFileType = wrapper.application; includeInIndex = 0; path = Githubbed.app; sourceTree = BUILT_PRODUCTS_DIR; };
		00734B6E2B49801500A51CE5 /* AppDelegate.swift */ = {isa = PBXFileReference; lastKnownFileType = sourcecode.swift; path = AppDelegate.swift; sourceTree = "<group>"; };
		00734B702B49801500A51CE5 /* SceneDelegate.swift */ = {isa = PBXFileReference; lastKnownFileType = sourcecode.swift; path = SceneDelegate.swift; sourceTree = "<group>"; };
		00734B772B49801800A51CE5 /* Assets.xcassets */ = {isa = PBXFileReference; lastKnownFileType = folder.assetcatalog; path = Assets.xcassets; sourceTree = "<group>"; };
		00734B7A2B49801800A51CE5 /* Base */ = {isa = PBXFileReference; lastKnownFileType = file.storyboard; name = Base; path = Base.lproj/LaunchScreen.storyboard; sourceTree = "<group>"; };
		00734B7C2B49801800A51CE5 /* Info.plist */ = {isa = PBXFileReference; lastKnownFileType = text.plist.xml; path = Info.plist; sourceTree = "<group>"; };
		00734B822B49888F00A51CE5 /* SearchVC.swift */ = {isa = PBXFileReference; lastKnownFileType = sourcecode.swift; path = SearchVC.swift; sourceTree = "<group>"; };
		00734B842B4988BD00A51CE5 /* FavouritesListVC.swift */ = {isa = PBXFileReference; lastKnownFileType = sourcecode.swift; path = FavouritesListVC.swift; sourceTree = "<group>"; };
		00734B882B49915E00A51CE5 /* GBDButton.swift */ = {isa = PBXFileReference; lastKnownFileType = sourcecode.swift; path = GBDButton.swift; sourceTree = "<group>"; };
		00734B8A2B4994CA00A51CE5 /* GBDTextField.swift */ = {isa = PBXFileReference; lastKnownFileType = sourcecode.swift; path = GBDTextField.swift; sourceTree = "<group>"; };
		0073CDA32B4EA30C0042B519 /* GBDEmptyStateView.swift */ = {isa = PBXFileReference; lastKnownFileType = sourcecode.swift; path = GBDEmptyStateView.swift; sourceTree = "<group>"; };
		007D3A8E2B4C61EE008E5FB6 /* NetworkManager.swift */ = {isa = PBXFileReference; lastKnownFileType = sourcecode.swift; path = NetworkManager.swift; sourceTree = "<group>"; };
		0090C8F02B4DB231001786A3 /* GBDError.swift */ = {isa = PBXFileReference; lastKnownFileType = sourcecode.swift; path = GBDError.swift; sourceTree = "<group>"; };
		0090C8F32B4DBB25001786A3 /* FollowerCell.swift */ = {isa = PBXFileReference; lastKnownFileType = sourcecode.swift; path = FollowerCell.swift; sourceTree = "<group>"; };
		0090C8F52B4DBBE2001786A3 /* GBDAvatarImageView.swift */ = {isa = PBXFileReference; lastKnownFileType = sourcecode.swift; path = GBDAvatarImageView.swift; sourceTree = "<group>"; };
		009857062B4B05AB00042007 /* FollowerListVC.swift */ = {isa = PBXFileReference; lastKnownFileType = sourcecode.swift; path = FollowerListVC.swift; sourceTree = "<group>"; };
		009857082B4B0C5A00042007 /* GBDTitleLabel.swift */ = {isa = PBXFileReference; lastKnownFileType = sourcecode.swift; path = GBDTitleLabel.swift; sourceTree = "<group>"; };
		0098570A2B4B0E1C00042007 /* GBDBodyLabel.swift */ = {isa = PBXFileReference; lastKnownFileType = sourcecode.swift; path = GBDBodyLabel.swift; sourceTree = "<group>"; };
		0098570C2B4B0F0300042007 /* GBDAlertVC.swift */ = {isa = PBXFileReference; lastKnownFileType = sourcecode.swift; path = GBDAlertVC.swift; sourceTree = "<group>"; };
		0098570E2B4C468700042007 /* UIViewController+Ext.swift */ = {isa = PBXFileReference; lastKnownFileType = sourcecode.swift; path = "UIViewController+Ext.swift"; sourceTree = "<group>"; };
		009857142B4C52B200042007 /* FollowerModel.swift */ = {isa = PBXFileReference; lastKnownFileType = sourcecode.swift; path = FollowerModel.swift; sourceTree = "<group>"; };
/* End PBXFileReference section */

/* Begin PBXFrameworksBuildPhase section */
		00734B682B49801500A51CE5 /* Frameworks */ = {
			isa = PBXFrameworksBuildPhase;
			buildActionMask = 2147483647;
			files = (
			);
			runOnlyForDeploymentPostprocessing = 0;
		};
/* End PBXFrameworksBuildPhase section */

/* Begin PBXGroup section */
		0008B3F82B4FFA740099D13F /* Labels */ = {
			isa = PBXGroup;
			children = (
				009857082B4B0C5A00042007 /* GBDTitleLabel.swift */,
				0098570A2B4B0E1C00042007 /* GBDBodyLabel.swift */,
				0008B3FA2B4FFBA20099D13F /* GBDSecondaryTitleLabel.swift */,
			);
			path = Labels;
			sourceTree = "<group>";
		};
		0008B3F92B4FFAF50099D13F /* Buttons */ = {
			isa = PBXGroup;
			children = (
				00734B882B49915E00A51CE5 /* GBDButton.swift */,
			);
			path = Buttons;
			sourceTree = "<group>";
		};
		0008B4082B5151780099D13F /* UserInfoVCs */ = {
			isa = PBXGroup;
			children = (
				0008B4002B50C6220099D13F /* GBDItemInfoVC.swift */,
				0008B4042B50D1980099D13F /* GBDRepoItemVC.swift */,
				0008B4062B5151130099D13F /* GBDFollowerItemVC.swift */,
			);
			path = UserInfoVCs;
			sourceTree = "<group>";
		};
		00734B622B49801500A51CE5 = {
			isa = PBXGroup;
			children = (
				00734B6D2B49801500A51CE5 /* Githubbed */,
				00734B6C2B49801500A51CE5 /* Products */,
			);
			sourceTree = "<group>";
		};
		00734B6C2B49801500A51CE5 /* Products */ = {
			isa = PBXGroup;
			children = (
				00734B6B2B49801500A51CE5 /* Githubbed.app */,
			);
			name = Products;
			sourceTree = "<group>";
		};
		00734B6D2B49801500A51CE5 /* Githubbed */ = {
			isa = PBXGroup;
			children = (
				0090C8EF2B4DB21B001786A3 /* Utilities */,
				00734B6E2B49801500A51CE5 /* AppDelegate.swift */,
				00734B702B49801500A51CE5 /* SceneDelegate.swift */,
				007D3A8D2B4C61D3008E5FB6 /* Managers */,
				009857122B4C4C5500042007 /* Extensions */,
				009857132B4C520800042007 /* Model */,
				009857102B4C4B0F00042007 /* Screens */,
				00734B792B49801800A51CE5 /* LaunchScreen.storyboard */,
				00734B772B49801800A51CE5 /* Assets.xcassets */,
				00734B7C2B49801800A51CE5 /* Info.plist */,
			);
			path = Githubbed;
			sourceTree = "<group>";
		};
		007D3A8D2B4C61D3008E5FB6 /* Managers */ = {
			isa = PBXGroup;
			children = (
				007D3A8E2B4C61EE008E5FB6 /* NetworkManager.swift */,
			);
			path = Managers;
			sourceTree = "<group>";
		};
		0090C8EF2B4DB21B001786A3 /* Utilities */ = {
			isa = PBXGroup;
			children = (
				0090C8F02B4DB231001786A3 /* GBDError.swift */,
				002816AC2B4DF7BD00ED135F /* UIHelper.swift */,
				0008B3FC2B500EBD0099D13F /* SFSymbols.swift */,
			);
			path = Utilities;
			sourceTree = "<group>";
		};
		0090C8F22B4DBAF9001786A3 /* Cells */ = {
			isa = PBXGroup;
			children = (
				0090C8F32B4DBB25001786A3 /* FollowerCell.swift */,
			);
			path = Cells;
			sourceTree = "<group>";
		};
		009857102B4C4B0F00042007 /* Screens */ = {
			isa = PBXGroup;
			children = (
				009857112B4C4BC400042007 /* Components */,
				009857062B4B05AB00042007 /* FollowerListVC.swift */,
				00734B842B4988BD00A51CE5 /* FavouritesListVC.swift */,
				00734B822B49888F00A51CE5 /* SearchVC.swift */,
				000EEF272B4FEACE00AA4522 /* UserInfoVC.swift */,
			);
			path = Screens;
			sourceTree = "<group>";
		};
		009857112B4C4BC400042007 /* Components */ = {
			isa = PBXGroup;
			children = (
				0008B3F92B4FFAF50099D13F /* Buttons */,
				0008B3F82B4FFA740099D13F /* Labels */,
				0090C8F22B4DBAF9001786A3 /* Cells */,
				0008B4082B5151780099D13F /* UserInfoVCs */,
				00734B8A2B4994CA00A51CE5 /* GBDTextField.swift */,
				0098570C2B4B0F0300042007 /* GBDAlertVC.swift */,
				0090C8F52B4DBBE2001786A3 /* GBDAvatarImageView.swift */,
				0008B3F62B4FFA320099D13F /* GBDUserInfoHeaderVC.swift */,
				0073CDA32B4EA30C0042B519 /* GBDEmptyStateView.swift */,
				0008B3FE2B50BBDB0099D13F /* GBDItemInfoView.swift */,
			);
			path = Components;
			sourceTree = "<group>";
		};
		009857122B4C4C5500042007 /* Extensions */ = {
			isa = PBXGroup;
			children = (
				0098570E2B4C468700042007 /* UIViewController+Ext.swift */,
				0008B4092B5157F00099D13F /* Date+Ext.swift */,
				0008B40B2B5158220099D13F /* String+Ext.swift */,
			);
			path = Extensions;
			sourceTree = "<group>";
		};
		009857132B4C520800042007 /* Model */ = {
			isa = PBXGroup;
			children = (
				009857142B4C52B200042007 /* FollowerModel.swift */,
				005CC2CD2B4C55240080D40F /* UserModel.swift */,
			);
			path = Model;
			sourceTree = "<group>";
		};
/* End PBXGroup section */

/* Begin PBXNativeTarget section */
		00734B6A2B49801500A51CE5 /* Githubbed */ = {
			isa = PBXNativeTarget;
			buildConfigurationList = 00734B7F2B49801800A51CE5 /* Build configuration list for PBXNativeTarget "Githubbed" */;
			buildPhases = (
				00734B672B49801500A51CE5 /* Sources */,
				00734B682B49801500A51CE5 /* Frameworks */,
				00734B692B49801500A51CE5 /* Resources */,
			);
			buildRules = (
			);
			dependencies = (
			);
			name = Githubbed;
			productName = Githubbed;
			productReference = 00734B6B2B49801500A51CE5 /* Githubbed.app */;
			productType = "com.apple.product-type.application";
		};
/* End PBXNativeTarget section */

/* Begin PBXProject section */
		00734B632B49801500A51CE5 /* Project object */ = {
			isa = PBXProject;
			attributes = {
				BuildIndependentTargetsInParallel = 1;
				LastSwiftUpdateCheck = 1510;
				LastUpgradeCheck = 1510;
				TargetAttributes = {
					00734B6A2B49801500A51CE5 = {
						CreatedOnToolsVersion = 15.1;
					};
				};
			};
			buildConfigurationList = 00734B662B49801500A51CE5 /* Build configuration list for PBXProject "Githubbed" */;
			compatibilityVersion = "Xcode 14.0";
			developmentRegion = en;
			hasScannedForEncodings = 0;
			knownRegions = (
				en,
				Base,
			);
			mainGroup = 00734B622B49801500A51CE5;
			productRefGroup = 00734B6C2B49801500A51CE5 /* Products */;
			projectDirPath = "";
			projectRoot = "";
			targets = (
				00734B6A2B49801500A51CE5 /* Githubbed */,
			);
		};
/* End PBXProject section */

/* Begin PBXResourcesBuildPhase section */
		00734B692B49801500A51CE5 /* Resources */ = {
			isa = PBXResourcesBuildPhase;
			buildActionMask = 2147483647;
			files = (
				00734B7B2B49801800A51CE5 /* LaunchScreen.storyboard in Resources */,
				00734B782B49801800A51CE5 /* Assets.xcassets in Resources */,
			);
			runOnlyForDeploymentPostprocessing = 0;
		};
/* End PBXResourcesBuildPhase section */

/* Begin PBXSourcesBuildPhase section */
		00734B672B49801500A51CE5 /* Sources */ = {
			isa = PBXSourcesBuildPhase;
			buildActionMask = 2147483647;
			files = (
				0008B3FD2B500EBD0099D13F /* SFSymbols.swift in Sources */,
				0098570D2B4B0F0300042007 /* GBDAlertVC.swift in Sources */,
				00734B832B49888F00A51CE5 /* SearchVC.swift in Sources */,
				0008B40C2B5158220099D13F /* String+Ext.swift in Sources */,
				00734B892B49915E00A51CE5 /* GBDButton.swift in Sources */,
				0098570F2B4C468700042007 /* UIViewController+Ext.swift in Sources */,
				00734B6F2B49801500A51CE5 /* AppDelegate.swift in Sources */,
				0008B4072B5151130099D13F /* GBDFollowerItemVC.swift in Sources */,
				002816AD2B4DF7BD00ED135F /* UIHelper.swift in Sources */,
				005CC2CE2B4C55240080D40F /* UserModel.swift in Sources */,
				009857152B4C52B200042007 /* FollowerModel.swift in Sources */,
				0090C8F42B4DBB25001786A3 /* FollowerCell.swift in Sources */,
				0008B4012B50C6220099D13F /* GBDItemInfoVC.swift in Sources */,
				0008B4052B50D1980099D13F /* GBDRepoItemVC.swift in Sources */,
				0090C8F12B4DB231001786A3 /* GBDError.swift in Sources */,
				0008B3FB2B4FFBA20099D13F /* GBDSecondaryTitleLabel.swift in Sources */,
				00734B852B4988BD00A51CE5 /* FavouritesListVC.swift in Sources */,
				00734B712B49801500A51CE5 /* SceneDelegate.swift in Sources */,
				009857092B4B0C5A00042007 /* GBDTitleLabel.swift in Sources */,
				007D3A8F2B4C61EE008E5FB6 /* NetworkManager.swift in Sources */,
				0008B40A2B5157F00099D13F /* Date+Ext.swift in Sources */,
				00734B8B2B4994CA00A51CE5 /* GBDTextField.swift in Sources */,
				009857072B4B05AB00042007 /* FollowerListVC.swift in Sources */,
				0008B3F72B4FFA320099D13F /* GBDUserInfoHeaderVC.swift in Sources */,
				0008B3FF2B50BBDB0099D13F /* GBDItemInfoView.swift in Sources */,
				0090C8F62B4DBBE2001786A3 /* GBDAvatarImageView.swift in Sources */,
				0073CDA42B4EA30C0042B519 /* GBDEmptyStateView.swift in Sources */,
				0098570B2B4B0E1C00042007 /* GBDBodyLabel.swift in Sources */,
				000EEF282B4FEACE00AA4522 /* UserInfoVC.swift in Sources */,
			);
			runOnlyForDeploymentPostprocessing = 0;
		};
/* End PBXSourcesBuildPhase section */

/* Begin PBXVariantGroup section */
		00734B792B49801800A51CE5 /* LaunchScreen.storyboard */ = {
			isa = PBXVariantGroup;
			children = (
				00734B7A2B49801800A51CE5 /* Base */,
			);
			name = LaunchScreen.storyboard;
			sourceTree = "<group>";
		};
/* End PBXVariantGroup section */

/* Begin XCBuildConfiguration section */
		00734B7D2B49801800A51CE5 /* Debug */ = {
			isa = XCBuildConfiguration;
			buildSettings = {
				ALWAYS_SEARCH_USER_PATHS = NO;
				ASSETCATALOG_COMPILER_GENERATE_SWIFT_ASSET_SYMBOL_EXTENSIONS = YES;
				CLANG_ANALYZER_NONNULL = YES;
				CLANG_ANALYZER_NUMBER_OBJECT_CONVERSION = YES_AGGRESSIVE;
				CLANG_CXX_LANGUAGE_STANDARD = "gnu++20";
				CLANG_ENABLE_MODULES = YES;
				CLANG_ENABLE_OBJC_ARC = YES;
				CLANG_ENABLE_OBJC_WEAK = YES;
				CLANG_WARN_BLOCK_CAPTURE_AUTORELEASING = YES;
				CLANG_WARN_BOOL_CONVERSION = YES;
				CLANG_WARN_COMMA = YES;
				CLANG_WARN_CONSTANT_CONVERSION = YES;
				CLANG_WARN_DEPRECATED_OBJC_IMPLEMENTATIONS = YES;
				CLANG_WARN_DIRECT_OBJC_ISA_USAGE = YES_ERROR;
				CLANG_WARN_DOCUMENTATION_COMMENTS = YES;
				CLANG_WARN_EMPTY_BODY = YES;
				CLANG_WARN_ENUM_CONVERSION = YES;
				CLANG_WARN_INFINITE_RECURSION = YES;
				CLANG_WARN_INT_CONVERSION = YES;
				CLANG_WARN_NON_LITERAL_NULL_CONVERSION = YES;
				CLANG_WARN_OBJC_IMPLICIT_RETAIN_SELF = YES;
				CLANG_WARN_OBJC_LITERAL_CONVERSION = YES;
				CLANG_WARN_OBJC_ROOT_CLASS = YES_ERROR;
				CLANG_WARN_QUOTED_INCLUDE_IN_FRAMEWORK_HEADER = YES;
				CLANG_WARN_RANGE_LOOP_ANALYSIS = YES;
				CLANG_WARN_STRICT_PROTOTYPES = YES;
				CLANG_WARN_SUSPICIOUS_MOVE = YES;
				CLANG_WARN_UNGUARDED_AVAILABILITY = YES_AGGRESSIVE;
				CLANG_WARN_UNREACHABLE_CODE = YES;
				CLANG_WARN__DUPLICATE_METHOD_MATCH = YES;
				COPY_PHASE_STRIP = NO;
				DEBUG_INFORMATION_FORMAT = dwarf;
				ENABLE_STRICT_OBJC_MSGSEND = YES;
				ENABLE_TESTABILITY = YES;
				ENABLE_USER_SCRIPT_SANDBOXING = YES;
				GCC_C_LANGUAGE_STANDARD = gnu17;
				GCC_DYNAMIC_NO_PIC = NO;
				GCC_NO_COMMON_BLOCKS = YES;
				GCC_OPTIMIZATION_LEVEL = 0;
				GCC_PREPROCESSOR_DEFINITIONS = (
					"DEBUG=1",
					"$(inherited)",
				);
				GCC_WARN_64_TO_32_BIT_CONVERSION = YES;
				GCC_WARN_ABOUT_RETURN_TYPE = YES_ERROR;
				GCC_WARN_UNDECLARED_SELECTOR = YES;
				GCC_WARN_UNINITIALIZED_AUTOS = YES_AGGRESSIVE;
				GCC_WARN_UNUSED_FUNCTION = YES;
				GCC_WARN_UNUSED_VARIABLE = YES;
				IPHONEOS_DEPLOYMENT_TARGET = 17.2;
				LOCALIZATION_PREFERS_STRING_CATALOGS = YES;
				MTL_ENABLE_DEBUG_INFO = INCLUDE_SOURCE;
				MTL_FAST_MATH = YES;
				ONLY_ACTIVE_ARCH = YES;
				SDKROOT = iphoneos;
				SWIFT_ACTIVE_COMPILATION_CONDITIONS = "DEBUG $(inherited)";
				SWIFT_OPTIMIZATION_LEVEL = "-Onone";
			};
			name = Debug;
		};
		00734B7E2B49801800A51CE5 /* Release */ = {
			isa = XCBuildConfiguration;
			buildSettings = {
				ALWAYS_SEARCH_USER_PATHS = NO;
				ASSETCATALOG_COMPILER_GENERATE_SWIFT_ASSET_SYMBOL_EXTENSIONS = YES;
				CLANG_ANALYZER_NONNULL = YES;
				CLANG_ANALYZER_NUMBER_OBJECT_CONVERSION = YES_AGGRESSIVE;
				CLANG_CXX_LANGUAGE_STANDARD = "gnu++20";
				CLANG_ENABLE_MODULES = YES;
				CLANG_ENABLE_OBJC_ARC = YES;
				CLANG_ENABLE_OBJC_WEAK = YES;
				CLANG_WARN_BLOCK_CAPTURE_AUTORELEASING = YES;
				CLANG_WARN_BOOL_CONVERSION = YES;
				CLANG_WARN_COMMA = YES;
				CLANG_WARN_CONSTANT_CONVERSION = YES;
				CLANG_WARN_DEPRECATED_OBJC_IMPLEMENTATIONS = YES;
				CLANG_WARN_DIRECT_OBJC_ISA_USAGE = YES_ERROR;
				CLANG_WARN_DOCUMENTATION_COMMENTS = YES;
				CLANG_WARN_EMPTY_BODY = YES;
				CLANG_WARN_ENUM_CONVERSION = YES;
				CLANG_WARN_INFINITE_RECURSION = YES;
				CLANG_WARN_INT_CONVERSION = YES;
				CLANG_WARN_NON_LITERAL_NULL_CONVERSION = YES;
				CLANG_WARN_OBJC_IMPLICIT_RETAIN_SELF = YES;
				CLANG_WARN_OBJC_LITERAL_CONVERSION = YES;
				CLANG_WARN_OBJC_ROOT_CLASS = YES_ERROR;
				CLANG_WARN_QUOTED_INCLUDE_IN_FRAMEWORK_HEADER = YES;
				CLANG_WARN_RANGE_LOOP_ANALYSIS = YES;
				CLANG_WARN_STRICT_PROTOTYPES = YES;
				CLANG_WARN_SUSPICIOUS_MOVE = YES;
				CLANG_WARN_UNGUARDED_AVAILABILITY = YES_AGGRESSIVE;
				CLANG_WARN_UNREACHABLE_CODE = YES;
				CLANG_WARN__DUPLICATE_METHOD_MATCH = YES;
				COPY_PHASE_STRIP = NO;
				DEBUG_INFORMATION_FORMAT = "dwarf-with-dsym";
				ENABLE_NS_ASSERTIONS = NO;
				ENABLE_STRICT_OBJC_MSGSEND = YES;
				ENABLE_USER_SCRIPT_SANDBOXING = YES;
				GCC_C_LANGUAGE_STANDARD = gnu17;
				GCC_NO_COMMON_BLOCKS = YES;
				GCC_WARN_64_TO_32_BIT_CONVERSION = YES;
				GCC_WARN_ABOUT_RETURN_TYPE = YES_ERROR;
				GCC_WARN_UNDECLARED_SELECTOR = YES;
				GCC_WARN_UNINITIALIZED_AUTOS = YES_AGGRESSIVE;
				GCC_WARN_UNUSED_FUNCTION = YES;
				GCC_WARN_UNUSED_VARIABLE = YES;
				IPHONEOS_DEPLOYMENT_TARGET = 17.2;
				LOCALIZATION_PREFERS_STRING_CATALOGS = YES;
				MTL_ENABLE_DEBUG_INFO = NO;
				MTL_FAST_MATH = YES;
				SDKROOT = iphoneos;
				SWIFT_COMPILATION_MODE = wholemodule;
				VALIDATE_PRODUCT = YES;
			};
			name = Release;
		};
		00734B802B49801800A51CE5 /* Debug */ = {
			isa = XCBuildConfiguration;
			buildSettings = {
				ASSETCATALOG_COMPILER_APPICON_NAME = AppIcon;
				ASSETCATALOG_COMPILER_GLOBAL_ACCENT_COLOR_NAME = AccentColor;
				CODE_SIGN_STYLE = Automatic;
				CURRENT_PROJECT_VERSION = 1;
				DEVELOPMENT_TEAM = D4Z6HSM6WG;
				GENERATE_INFOPLIST_FILE = YES;
				INFOPLIST_FILE = Githubbed/Info.plist;
				INFOPLIST_KEY_UIApplicationSupportsIndirectInputEvents = YES;
				INFOPLIST_KEY_UILaunchStoryboardName = LaunchScreen;
				INFOPLIST_KEY_UIMainStoryboardFile = "";
				INFOPLIST_KEY_UISupportedInterfaceOrientations = UIInterfaceOrientationPortrait;
				INFOPLIST_KEY_UISupportedInterfaceOrientations_iPad = "UIInterfaceOrientationLandscapeLeft UIInterfaceOrientationLandscapeRight UIInterfaceOrientationPortrait UIInterfaceOrientationPortraitUpsideDown";
				IPHONEOS_DEPLOYMENT_TARGET = 16.0;
				LD_RUNPATH_SEARCH_PATHS = (
					"$(inherited)",
					"@executable_path/Frameworks",
				);
				MARKETING_VERSION = 1.0;
				PRODUCT_BUNDLE_IDENTIFIER = com.yahimoh.Githubbed;
				PRODUCT_NAME = "$(TARGET_NAME)";
				SWIFT_EMIT_LOC_STRINGS = YES;
				SWIFT_VERSION = 5.0;
				TARGETED_DEVICE_FAMILY = "1,2";
			};
			name = Debug;
		};
		00734B812B49801800A51CE5 /* Release */ = {
			isa = XCBuildConfiguration;
			buildSettings = {
				ASSETCATALOG_COMPILER_APPICON_NAME = AppIcon;
				ASSETCATALOG_COMPILER_GLOBAL_ACCENT_COLOR_NAME = AccentColor;
				CODE_SIGN_STYLE = Automatic;
				CURRENT_PROJECT_VERSION = 1;
				DEVELOPMENT_TEAM = D4Z6HSM6WG;
				GENERATE_INFOPLIST_FILE = YES;
				INFOPLIST_FILE = Githubbed/Info.plist;
				INFOPLIST_KEY_UIApplicationSupportsIndirectInputEvents = YES;
				INFOPLIST_KEY_UILaunchStoryboardName = LaunchScreen;
				INFOPLIST_KEY_UIMainStoryboardFile = "";
				INFOPLIST_KEY_UISupportedInterfaceOrientations = UIInterfaceOrientationPortrait;
				INFOPLIST_KEY_UISupportedInterfaceOrientations_iPad = "UIInterfaceOrientationLandscapeLeft UIInterfaceOrientationLandscapeRight UIInterfaceOrientationPortrait UIInterfaceOrientationPortraitUpsideDown";
				IPHONEOS_DEPLOYMENT_TARGET = 16.0;
				LD_RUNPATH_SEARCH_PATHS = (
					"$(inherited)",
					"@executable_path/Frameworks",
				);
				MARKETING_VERSION = 1.0;
				PRODUCT_BUNDLE_IDENTIFIER = com.yahimoh.Githubbed;
				PRODUCT_NAME = "$(TARGET_NAME)";
				SWIFT_EMIT_LOC_STRINGS = YES;
				SWIFT_VERSION = 5.0;
				TARGETED_DEVICE_FAMILY = "1,2";
			};
			name = Release;
		};
/* End XCBuildConfiguration section */

/* Begin XCConfigurationList section */
		00734B662B49801500A51CE5 /* Build configuration list for PBXProject "Githubbed" */ = {
			isa = XCConfigurationList;
			buildConfigurations = (
				00734B7D2B49801800A51CE5 /* Debug */,
				00734B7E2B49801800A51CE5 /* Release */,
			);
			defaultConfigurationIsVisible = 0;
			defaultConfigurationName = Release;
		};
		00734B7F2B49801800A51CE5 /* Build configuration list for PBXNativeTarget "Githubbed" */ = {
			isa = XCConfigurationList;
			buildConfigurations = (
				00734B802B49801800A51CE5 /* Debug */,
				00734B812B49801800A51CE5 /* Release */,
			);
			defaultConfigurationIsVisible = 0;
			defaultConfigurationName = Release;
		};
/* End XCConfigurationList section */
	};
	rootObject = 00734B632B49801500A51CE5 /* Project object */;
}
